{
  "nodes": {
    "capstone-master": {
      "inputs": {
        "flakeNimbleLib": [
          "flakeNimbleLib"
        ],
        "nixpkgs": [
          "nixpkgs"
        ],
        "src-capstone-master": "src-capstone-master"
      },
      "locked": {
        "dir": "master",
        "lastModified": 1662254387,
        "narHash": "sha256-sY9MOKijC2BZH0qSbsXVjRkpMYUI2eUbDf2S21TCKic=",
        "owner": "nim-nix-pkgs",
        "repo": "capstone",
        "rev": "ca54af2aea9a948a6b072efdcf523231f4d466f2",
        "type": "github"
      },
      "original": {
        "dir": "master",
        "owner": "nim-nix-pkgs",
        "ref": "master",
        "repo": "capstone",
        "type": "github"
      }
    },
    "flakeNimbleLib": {
      "inputs": {
        "nixpkgs": [
          "nixpkgs"
        ]
      },
      "locked": {
        "lastModified": 1662018438,
        "narHash": "sha256-QtNtU6+LX3Wokxf0zlFwKTFOcn6TeDjKQZ+DA9OYtvM=",
        "owner": "riinr",
        "repo": "nim-flakes-lib",
        "rev": "b1fe8340736e3a85d25c709ac3dfd82a55c03cbf",
        "type": "github"
      },
      "original": {
        "owner": "riinr",
        "ref": "master",
        "repo": "nim-flakes-lib",
        "type": "github"
      }
    },
    "nixpkgs": {
      "locked": {
        "lastModified": 1667110639,
        "narHash": "sha256-4FbPESZ5LbqQxkJJJBAfk/zKgF9h/4kyUwjjpJwYlbc=",
        "owner": "NixOS",
        "repo": "nixpkgs",
        "rev": "f38a1f04d1bec1feb61fd101a0539ae2002a7087",
        "type": "github"
      },
      "original": {
        "id": "nixpkgs",
        "type": "indirect"
      }
    },
    "root": {
      "inputs": {
        "capstone-master": "capstone-master",
        "flakeNimbleLib": "flakeNimbleLib",
        "nixpkgs": "nixpkgs"
      }
    },
    "src-capstone-master": {
      "flake": false,
      "locked": {
        "lastModified": 1656523359,
        "narHash": "sha256-M5g6UOBtYj6AuMhtfjqXtixTa4XOqxjkGUFbmAFpyBE=",
        "owner": "hdbg",
        "repo": "capstone-nim",
        "rev": "fc1ffdb55b0fcdc7f670455f45c382bf8e2c8ee6",
        "type": "github"
      },
      "original": {
        "owner": "hdbg",
        "ref": "refs/heads/master",
        "repo": "capstone-nim",
        "type": "github"
      }
    }
  },
  "root": "root",
  "version": 7
}
